
Microsoft Visual Studio Solution File, Format Version 12.00
# Visual Studio Version 16
VisualStudioVersion = 16.0.30523.141
MinimumVisualStudioVersion = 10.0.40219.1
Project("{FAE04EC0-301F-11D3-BF4B-00C04F79EFBC}") = "Test.PromotionEngine", "Test.PromotionEngine.csproj", "{ED87B86F-2FB9-4367-8C4C-EB8B8B583033}"
EndProject
Project("{FAE04EC0-301F-11D3-BF4B-00C04F79EFBC}") = "PromotionEngine.Entity", "..\PromotionEngine.Entity\PromotionEngine.Entity.csproj", "{08B2F2AB-24A3-4895-B53A-7E5DA5B4210E}"
EndProject
Project("{FAE04EC0-301F-11D3-BF4B-00C04F79EFBC}") = "PromotionEngine.DataLayer", "..\PromotionEngine.DataLayer\PromotionEngine.DataLayer.csproj", "{847A9EC3-A3B5-4AA8-A5D0-42F828CD2FA2}"
EndProject
Project("{FAE04EC0-301F-11D3-BF4B-00C04F79EFBC}") = "PromotionEngine.BLL", "..\PromotionEngine.BLL\PromotionEngine.BLL.csproj", "{B748FB39-DA1B-453F-9160-2F40C4839438}"
EndProject
Project("{FAE04EC0-301F-11D3-BF4B-00C04F79EFBC}") = "PromotionEngine.Logging", "..\PromotionEngine.Logging\PromotionEngine.Logging.csproj", "{CBDF5B6A-1D00-4258-A571-21C93AF668A9}"
EndProject
Project("{FAE04EC0-301F-11D3-BF4B-00C04F79EFBC}") = "PromotionEngine.HelperModule", "..\PromotionEngine.HelperModule\PromotionEngine.HelperModule.csproj", "{0AAB9AB0-415C-4A37-B768-C2629D034013}"
EndProject
Project("{FAE04EC0-301F-11D3-BF4B-00C04F79EFBC}") = "PromotionEngine", "..\PromotionEngine\PromotionEngine.csproj", "{C9C10750-22A9-4341-BAF1-FC8BFFFD6A0B}"
EndProject
Global
	GlobalSection(SolutionConfigurationPlatforms) = preSolution
		Debug|Any CPU = Debug|Any CPU
		Release|Any CPU = Release|Any CPU
	EndGlobalSection
	GlobalSection(ProjectConfigurationPlatforms) = postSolution
		{ED87B86F-2FB9-4367-8C4C-EB8B8B583033}.Debug|Any CPU.ActiveCfg = Debug|Any CPU
		{ED87B86F-2FB9-4367-8C4C-EB8B8B583033}.Debug|Any CPU.Build.0 = Debug|Any CPU
		{ED87B86F-2FB9-4367-8C4C-EB8B8B583033}.Release|Any CPU.ActiveCfg = Release|Any CPU
		{ED87B86F-2FB9-4367-8C4C-EB8B8B583033}.Release|Any CPU.Build.0 = Release|Any CPU
		{08B2F2AB-24A3-4895-B53A-7E5DA5B4210E}.Debug|Any CPU.ActiveCfg = Debug|Any CPU
		{08B2F2AB-24A3-4895-B53A-7E5DA5B4210E}.Debug|Any CPU.Build.0 = Debug|Any CPU
		{08B2F2AB-24A3-4895-B53A-7E5DA5B4210E}.Release|Any CPU.ActiveCfg = Release|Any CPU
		{08B2F2AB-24A3-4895-B53A-7E5DA5B4210E}.Release|Any CPU.Build.0 = Release|Any CPU
		{847A9EC3-A3B5-4AA8-A5D0-42F828CD2FA2}.Debug|Any CPU.ActiveCfg = Debug|Any CPU
		{847A9EC3-A3B5-4AA8-A5D0-42F828CD2FA2}.Debug|Any CPU.Build.0 = Debug|Any CPU
		{847A9EC3-A3B5-4AA8-A5D0-42F828CD2FA2}.Release|Any CPU.ActiveCfg = Release|Any CPU
		{847A9EC3-A3B5-4AA8-A5D0-42F828CD2FA2}.Release|Any CPU.Build.0 = Release|Any CPU
		{B748FB39-DA1B-453F-9160-2F40C4839438}.Debug|Any CPU.ActiveCfg = Debug|Any CPU
		{B748FB39-DA1B-453F-9160-2F40C4839438}.Debug|Any CPU.Build.0 = Debug|Any CPU
		{B748FB39-DA1B-453F-9160-2F40C4839438}.Release|Any CPU.ActiveCfg = Release|Any CPU
		{B748FB39-DA1B-453F-9160-2F40C4839438}.Release|Any CPU.Build.0 = Release|Any CPU
		{CBDF5B6A-1D00-4258-A571-21C93AF668A9}.Debug|Any CPU.ActiveCfg = Debug|Any CPU
		{CBDF5B6A-1D00-4258-A571-21C93AF668A9}.Debug|Any CPU.Build.0 = Debug|Any CPU
		{CBDF5B6A-1D00-4258-A571-21C93AF668A9}.Release|Any CPU.ActiveCfg = Release|Any CPU
		{CBDF5B6A-1D00-4258-A571-21C93AF668A9}.Release|Any CPU.Build.0 = Release|Any CPU
		{0AAB9AB0-415C-4A37-B768-C2629D034013}.Debug|Any CPU.ActiveCfg = Debug|Any CPU
		{0AAB9AB0-415C-4A37-B768-C2629D034013}.Debug|Any CPU.Build.0 = Debug|Any CPU
		{0AAB9AB0-415C-4A37-B768-C2629D034013}.Release|Any CPU.ActiveCfg = Release|Any CPU
		{0AAB9AB0-415C-4A37-B768-C2629D034013}.Release|Any CPU.Build.0 = Release|Any CPU
		{C9C10750-22A9-4341-BAF1-FC8BFFFD6A0B}.Debug|Any CPU.ActiveCfg = Debug|Any CPU
		{C9C10750-22A9-4341-BAF1-FC8BFFFD6A0B}.Debug|Any CPU.Build.0 = Debug|Any CPU
		{C9C10750-22A9-4341-BAF1-FC8BFFFD6A0B}.Release|Any CPU.ActiveCfg = Release|Any CPU
		{C9C10750-22A9-4341-BAF1-FC8BFFFD6A0B}.Release|Any CPU.Build.0 = Release|Any CPU
	EndGlobalSection
	GlobalSection(SolutionProperties) = preSolution
		HideSolutionNode = FALSE
	EndGlobalSection
	GlobalSection(ExtensibilityGlobals) = postSolution
		SolutionGuid = {3B3364C4-F6FE-4BCB-B2B5-897B27850B88}
	EndGlobalSection
EndGlobal
