
Microsoft Visual Studio Solution File, Format Version 12.00
# Visual Studio Version 16
VisualStudioVersion = 16.0.30523.141
MinimumVisualStudioVersion = 10.0.40219.1
Project("{FAE04EC0-301F-11D3-BF4B-00C04F79EFBC}") = "Test.PromotionEngine", "Test.PromotionEngine.csproj", "{ED87B86F-2FB9-4367-8C4C-EB8B8B583033}"
EndProject
Project("{FAE04EC0-301F-11D3-BF4B-00C04F79EFBC}") = "PromotionEngine.Entity", "..\PromotionEngine.Entity\PromotionEngine.Entity.csproj", "{08B2F2AB-24A3-4895-B53A-7E5DA5B4210E}"
EndProject
Global
	GlobalSection(SolutionConfigurationPlatforms) = preSolution
		Debug|Any CPU = Debug|Any CPU
		Release|Any CPU = Release|Any CPU
	EndGlobalSection
	GlobalSection(ProjectConfigurationPlatforms) = postSolution
		{ED87B86F-2FB9-4367-8C4C-EB8B8B583033}.Debug|Any CPU.ActiveCfg = Debug|Any CPU
		{ED87B86F-2FB9-4367-8C4C-EB8B8B583033}.Debug|Any CPU.Build.0 = Debug|Any CPU
		{ED87B86F-2FB9-4367-8C4C-EB8B8B583033}.Release|Any CPU.ActiveCfg = Release|Any CPU
		{ED87B86F-2FB9-4367-8C4C-EB8B8B583033}.Release|Any CPU.Build.0 = Release|Any CPU
		{08B2F2AB-24A3-4895-B53A-7E5DA5B4210E}.Debug|Any CPU.ActiveCfg = Debug|Any CPU
		{08B2F2AB-24A3-4895-B53A-7E5DA5B4210E}.Debug|Any CPU.Build.0 = Debug|Any CPU
		{08B2F2AB-24A3-4895-B53A-7E5DA5B4210E}.Release|Any CPU.ActiveCfg = Release|Any CPU
		{08B2F2AB-24A3-4895-B53A-7E5DA5B4210E}.Release|Any CPU.Build.0 = Release|Any CPU
	EndGlobalSection
	GlobalSection(SolutionProperties) = preSolution
		HideSolutionNode = FALSE
	EndGlobalSection
	GlobalSection(ExtensibilityGlobals) = postSolution
		SolutionGuid = {3B3364C4-F6FE-4BCB-B2B5-897B27850B88}
	EndGlobalSection
EndGlobal
